
Microsoft Visual Studio Solution File, Format Version 12.00
# Visual Studio Version 17
VisualStudioVersion = 17.10.35122.118
MinimumVisualStudioVersion = 10.0.40219.1
Project("{9A19103F-16F7-4668-BE54-9A1E7A4F7556}") = "EmployeeManagementSystem.API", "EmployeeManagementSystem.API\EmployeeManagementSystem.API.csproj", "{CA0F1B34-E924-4A28-A3C9-9B2808705CA7}"
EndProject
Project("{9A19103F-16F7-4668-BE54-9A1E7A4F7556}") = "EmployeeManagementSystem.Domain", "EmployeeManagementSystem.Domain\EmployeeManagementSystem.Domain.csproj", "{6675D21D-8083-4F30-A904-F9E2160AEEEE}"
EndProject
Project("{9A19103F-16F7-4668-BE54-9A1E7A4F7556}") = "EmployeeManagementSystem.Application", "EmployeeManagementSystem.Application\EmployeeManagementSystem.Application.csproj", "{0721B951-BCE9-400D-8A4C-2957DB786C48}"
EndProject
Project("{9A19103F-16F7-4668-BE54-9A1E7A4F7556}") = "EmployeeManagementSystem.Infrastructure", "EmployeeManagementSystem.Infrastructure\EmployeeManagementSystem.Infrastructure.csproj", "{1F2937C5-1864-49E8-B801-7D5939D8E58B}"
EndProject
Project("{FAE04EC0-301F-11D3-BF4B-00C04F79EFBC}") = "EmployeeManagementSystem.Test", "EmployeeManagementSystem.Test\EmployeeManagementSystem.Test.csproj", "{8C9C583F-3E28-4B57-B65C-00B61B7D9184}"
EndProject
Global
	GlobalSection(SolutionConfigurationPlatforms) = preSolution
		Debug|Any CPU = Debug|Any CPU
		Release|Any CPU = Release|Any CPU
	EndGlobalSection
	GlobalSection(ProjectConfigurationPlatforms) = postSolution
		{CA0F1B34-E924-4A28-A3C9-9B2808705CA7}.Debug|Any CPU.ActiveCfg = Debug|Any CPU
		{CA0F1B34-E924-4A28-A3C9-9B2808705CA7}.Debug|Any CPU.Build.0 = Debug|Any CPU
		{CA0F1B34-E924-4A28-A3C9-9B2808705CA7}.Release|Any CPU.ActiveCfg = Release|Any CPU
		{CA0F1B34-E924-4A28-A3C9-9B2808705CA7}.Release|Any CPU.Build.0 = Release|Any CPU
		{6675D21D-8083-4F30-A904-F9E2160AEEEE}.Debug|Any CPU.ActiveCfg = Debug|Any CPU
		{6675D21D-8083-4F30-A904-F9E2160AEEEE}.Debug|Any CPU.Build.0 = Debug|Any CPU
		{6675D21D-8083-4F30-A904-F9E2160AEEEE}.Release|Any CPU.ActiveCfg = Release|Any CPU
		{6675D21D-8083-4F30-A904-F9E2160AEEEE}.Release|Any CPU.Build.0 = Release|Any CPU
		{0721B951-BCE9-400D-8A4C-2957DB786C48}.Debug|Any CPU.ActiveCfg = Debug|Any CPU
		{0721B951-BCE9-400D-8A4C-2957DB786C48}.Debug|Any CPU.Build.0 = Debug|Any CPU
		{0721B951-BCE9-400D-8A4C-2957DB786C48}.Release|Any CPU.ActiveCfg = Release|Any CPU
		{0721B951-BCE9-400D-8A4C-2957DB786C48}.Release|Any CPU.Build.0 = Release|Any CPU
		{1F2937C5-1864-49E8-B801-7D5939D8E58B}.Debug|Any CPU.ActiveCfg = Debug|Any CPU
		{1F2937C5-1864-49E8-B801-7D5939D8E58B}.Debug|Any CPU.Build.0 = Debug|Any CPU
		{1F2937C5-1864-49E8-B801-7D5939D8E58B}.Release|Any CPU.ActiveCfg = Release|Any CPU
		{1F2937C5-1864-49E8-B801-7D5939D8E58B}.Release|Any CPU.Build.0 = Release|Any CPU
		{8C9C583F-3E28-4B57-B65C-00B61B7D9184}.Debug|Any CPU.ActiveCfg = Debug|Any CPU
		{8C9C583F-3E28-4B57-B65C-00B61B7D9184}.Debug|Any CPU.Build.0 = Debug|Any CPU
		{8C9C583F-3E28-4B57-B65C-00B61B7D9184}.Release|Any CPU.ActiveCfg = Release|Any CPU
		{8C9C583F-3E28-4B57-B65C-00B61B7D9184}.Release|Any CPU.Build.0 = Release|Any CPU
	EndGlobalSection
	GlobalSection(SolutionProperties) = preSolution
		HideSolutionNode = FALSE
	EndGlobalSection
	GlobalSection(ExtensibilityGlobals) = postSolution
		SolutionGuid = {48D18344-1EED-489D-9C8E-0064FB2EDCFA}
	EndGlobalSection
EndGlobal
